
Microsoft Visual Studio Solution File, Format Version 12.00
# Visual Studio Version 17
VisualStudioVersion = 17.5.002.0
MinimumVisualStudioVersion = 10.0.40219.1
Project("{2150E333-8FDC-42A3-9474-1A3956D46DE8}") = "AZ-204", "AZ-204", "{F8CDA46A-BAA4-4616-8C7C-7E38E9BE105D}"
EndProject
Project("{2150E333-8FDC-42A3-9474-1A3956D46DE8}") = "02", "02", "{501D3D8F-2615-4CF5-BDAC-D3330472C22A}"
EndProject
Project("{2150E333-8FDC-42A3-9474-1A3956D46DE8}") = "Solution", "Solution", "{D2DF5724-51C7-4B6F-8B29-7C21893B867E}"
EndProject
Project("{9A19103F-16F7-4668-BE54-9A1E7A4F7556}") = "func", "AZ-204\02\Solution\func\func.csproj", "{6250F624-923A-4A2A-95B7-ADF6DDEDDC96}"
EndProject
Project("{2150E333-8FDC-42A3-9474-1A3956D46DE8}") = "01", "01", "{086D2A52-5FAC-44D4-BDF1-F8A809276814}"
EndProject
Project("{2150E333-8FDC-42A3-9474-1A3956D46DE8}") = "Starter", "Starter", "{17EAE0D5-5CF5-4447-870D-301A323DBA3E}"
EndProject
Project("{9A19103F-16F7-4668-BE54-9A1E7A4F7556}") = "Web", "AZ-204\01\Starter\Web\Web.csproj", "{2158947F-3230-4D0B-85B0-A95932C4AEA1}"
EndProject
Project("{9A19103F-16F7-4668-BE54-9A1E7A4F7556}") = "Api", "AZ-204\01\Starter\API\Api.csproj", "{A42DCD6F-5A58-4782-A0EA-A612C349487D}"
EndProject
Project("{2150E333-8FDC-42A3-9474-1A3956D46DE8}") = "03-AzureStorage", "03-AzureStorage", "{E627A21D-A8A9-48BC-B621-4242E9745CCE}"
EndProject
Project("{2150E333-8FDC-42A3-9474-1A3956D46DE8}") = "Solution", "Solution", "{10C84552-C9C7-49EF-81C3-BAF8F69DBB1E}"
EndProject
Project("{9A19103F-16F7-4668-BE54-9A1E7A4F7556}") = "BlobManager", "AZ-204\03-AzureStorage\Solution\BlobManager\BlobManager.csproj", "{C1629425-087D-41E0-A1EF-A5AA07D8C39D}"
EndProject
Global
	GlobalSection(SolutionConfigurationPlatforms) = preSolution
		Debug|Any CPU = Debug|Any CPU
		Release|Any CPU = Release|Any CPU
	EndGlobalSection
	GlobalSection(ProjectConfigurationPlatforms) = postSolution
		{6250F624-923A-4A2A-95B7-ADF6DDEDDC96}.Debug|Any CPU.ActiveCfg = Debug|Any CPU
		{6250F624-923A-4A2A-95B7-ADF6DDEDDC96}.Debug|Any CPU.Build.0 = Debug|Any CPU
		{6250F624-923A-4A2A-95B7-ADF6DDEDDC96}.Release|Any CPU.ActiveCfg = Release|Any CPU
		{6250F624-923A-4A2A-95B7-ADF6DDEDDC96}.Release|Any CPU.Build.0 = Release|Any CPU
		{2158947F-3230-4D0B-85B0-A95932C4AEA1}.Debug|Any CPU.ActiveCfg = Debug|Any CPU
		{2158947F-3230-4D0B-85B0-A95932C4AEA1}.Debug|Any CPU.Build.0 = Debug|Any CPU
		{2158947F-3230-4D0B-85B0-A95932C4AEA1}.Release|Any CPU.ActiveCfg = Release|Any CPU
		{2158947F-3230-4D0B-85B0-A95932C4AEA1}.Release|Any CPU.Build.0 = Release|Any CPU
		{A42DCD6F-5A58-4782-A0EA-A612C349487D}.Debug|Any CPU.ActiveCfg = Debug|Any CPU
		{A42DCD6F-5A58-4782-A0EA-A612C349487D}.Debug|Any CPU.Build.0 = Debug|Any CPU
		{A42DCD6F-5A58-4782-A0EA-A612C349487D}.Release|Any CPU.ActiveCfg = Release|Any CPU
		{A42DCD6F-5A58-4782-A0EA-A612C349487D}.Release|Any CPU.Build.0 = Release|Any CPU
		{C1629425-087D-41E0-A1EF-A5AA07D8C39D}.Debug|Any CPU.ActiveCfg = Debug|Any CPU
		{C1629425-087D-41E0-A1EF-A5AA07D8C39D}.Debug|Any CPU.Build.0 = Debug|Any CPU
		{C1629425-087D-41E0-A1EF-A5AA07D8C39D}.Release|Any CPU.ActiveCfg = Release|Any CPU
		{C1629425-087D-41E0-A1EF-A5AA07D8C39D}.Release|Any CPU.Build.0 = Release|Any CPU
	EndGlobalSection
	GlobalSection(SolutionProperties) = preSolution
		HideSolutionNode = FALSE
	EndGlobalSection
	GlobalSection(NestedProjects) = preSolution
		{501D3D8F-2615-4CF5-BDAC-D3330472C22A} = {F8CDA46A-BAA4-4616-8C7C-7E38E9BE105D}
		{D2DF5724-51C7-4B6F-8B29-7C21893B867E} = {501D3D8F-2615-4CF5-BDAC-D3330472C22A}
		{6250F624-923A-4A2A-95B7-ADF6DDEDDC96} = {D2DF5724-51C7-4B6F-8B29-7C21893B867E}
		{086D2A52-5FAC-44D4-BDF1-F8A809276814} = {F8CDA46A-BAA4-4616-8C7C-7E38E9BE105D}
		{17EAE0D5-5CF5-4447-870D-301A323DBA3E} = {086D2A52-5FAC-44D4-BDF1-F8A809276814}
		{2158947F-3230-4D0B-85B0-A95932C4AEA1} = {17EAE0D5-5CF5-4447-870D-301A323DBA3E}
		{A42DCD6F-5A58-4782-A0EA-A612C349487D} = {17EAE0D5-5CF5-4447-870D-301A323DBA3E}
		{E627A21D-A8A9-48BC-B621-4242E9745CCE} = {F8CDA46A-BAA4-4616-8C7C-7E38E9BE105D}
		{10C84552-C9C7-49EF-81C3-BAF8F69DBB1E} = {E627A21D-A8A9-48BC-B621-4242E9745CCE}
		{C1629425-087D-41E0-A1EF-A5AA07D8C39D} = {10C84552-C9C7-49EF-81C3-BAF8F69DBB1E}
	EndGlobalSection
	GlobalSection(ExtensibilityGlobals) = postSolution
		SolutionGuid = {476695E0-E1C5-43BB-BD07-9EBBFB7D0CC8}
	EndGlobalSection
EndGlobal
